
Microsoft Visual Studio Solution File, Format Version 12.00
# Visual Studio Version 17
VisualStudioVersion = 17.3.32825.248
MinimumVisualStudioVersion = 10.0.40219.1
Project("{FAE04EC0-301F-11D3-BF4B-00C04F79EFBC}") = "Varausharjoitus", "Varausharjoitus.csproj", "{169559B4-6A55-4C9C-9744-15E31BC2AC48}"
EndProject
Global
	GlobalSection(SolutionConfigurationPlatforms) = preSolution
		Debug|Any CPU = Debug|Any CPU
		Release|Any CPU = Release|Any CPU
	EndGlobalSection
	GlobalSection(ProjectConfigurationPlatforms) = postSolution
		{169559B4-6A55-4C9C-9744-15E31BC2AC48}.Debug|Any CPU.ActiveCfg = Debug|Any CPU
		{169559B4-6A55-4C9C-9744-15E31BC2AC48}.Debug|Any CPU.Build.0 = Debug|Any CPU
		{169559B4-6A55-4C9C-9744-15E31BC2AC48}.Release|Any CPU.ActiveCfg = Release|Any CPU
		{169559B4-6A55-4C9C-9744-15E31BC2AC48}.Release|Any CPU.Build.0 = Release|Any CPU
	EndGlobalSection
	GlobalSection(SolutionProperties) = preSolution
		HideSolutionNode = FALSE
	EndGlobalSection
	GlobalSection(ExtensibilityGlobals) = postSolution
		SolutionGuid = {CB14373B-5E95-49E7-A702-A3E56924E2A6}
	EndGlobalSection
EndGlobal
